
Microsoft Visual Studio Solution File, Format Version 12.00
# Visual Studio Version 17
VisualStudioVersion = 17.4.33213.308
MinimumVisualStudioVersion = 10.0.40219.1
Project("{FAE04EC0-301F-11D3-BF4B-00C04F79EFBC}") = "MyFirstApp", "MyFirstApp.csproj", "{69DDFDB5-08B7-4414-8A28-61CEA3F6A574}"
EndProject
Global
	GlobalSection(SolutionConfigurationPlatforms) = preSolution
		Debug|Any CPU = Debug|Any CPU
		Release|Any CPU = Release|Any CPU
	EndGlobalSection
	GlobalSection(ProjectConfigurationPlatforms) = postSolution
		{69DDFDB5-08B7-4414-8A28-61CEA3F6A574}.Debug|Any CPU.ActiveCfg = Debug|Any CPU
		{69DDFDB5-08B7-4414-8A28-61CEA3F6A574}.Debug|Any CPU.Build.0 = Debug|Any CPU
		{69DDFDB5-08B7-4414-8A28-61CEA3F6A574}.Release|Any CPU.ActiveCfg = Release|Any CPU
		{69DDFDB5-08B7-4414-8A28-61CEA3F6A574}.Release|Any CPU.Build.0 = Release|Any CPU
	EndGlobalSection
	GlobalSection(SolutionProperties) = preSolution
		HideSolutionNode = FALSE
	EndGlobalSection
	GlobalSection(ExtensibilityGlobals) = postSolution
		SolutionGuid = {1ADEBABA-95C9-4011-BF85-D8E6307DB2AE}
	EndGlobalSection
EndGlobal
